
Microsoft Visual Studio Solution File, Format Version 12.00
# Visual Studio Version 17
VisualStudioVersion = 17.9.34622.214
MinimumVisualStudioVersion = 10.0.40219.1
Project("{FAE04EC0-301F-11D3-BF4B-00C04F79EFBC}") = "backend", "backend\backend.csproj", "{6AE3F205-BC57-4766-87B3-9380CD904370}"
EndProject
Global
	GlobalSection(SolutionConfigurationPlatforms) = preSolution
		Debug|Any CPU = Debug|Any CPU
		Release|Any CPU = Release|Any CPU
	EndGlobalSection
	GlobalSection(ProjectConfigurationPlatforms) = postSolution
		{6AE3F205-BC57-4766-87B3-9380CD904370}.Debug|Any CPU.ActiveCfg = Debug|Any CPU
		{6AE3F205-BC57-4766-87B3-9380CD904370}.Debug|Any CPU.Build.0 = Debug|Any CPU
		{6AE3F205-BC57-4766-87B3-9380CD904370}.Release|Any CPU.ActiveCfg = Release|Any CPU
		{6AE3F205-BC57-4766-87B3-9380CD904370}.Release|Any CPU.Build.0 = Release|Any CPU
	EndGlobalSection
	GlobalSection(SolutionProperties) = preSolution
		HideSolutionNode = FALSE
	EndGlobalSection
	GlobalSection(ExtensibilityGlobals) = postSolution
		SolutionGuid = {EEA12312-F5CA-4F08-B353-F21C5B6E9E1B}
	EndGlobalSection
EndGlobal
